
Microsoft Visual Studio Solution File, Format Version 12.00
# Visual Studio 15
VisualStudioVersion = 15.0.28307.1145
MinimumVisualStudioVersion = 10.0.40219.1
Project("{FAE04EC0-301F-11D3-BF4B-00C04F79EFBC}") = "PersonalDiaryApp", "PersonalDiaryApp\PersonalDiaryApp.csproj", "{140D2363-1DDC-4C68-A69A-E1BB5BFC45AD}"
EndProject
Global
	GlobalSection(SolutionConfigurationPlatforms) = preSolution
		Debug|Any CPU = Debug|Any CPU
		Release|Any CPU = Release|Any CPU
	EndGlobalSection
	GlobalSection(ProjectConfigurationPlatforms) = postSolution
		{140D2363-1DDC-4C68-A69A-E1BB5BFC45AD}.Debug|Any CPU.ActiveCfg = Debug|Any CPU
		{140D2363-1DDC-4C68-A69A-E1BB5BFC45AD}.Debug|Any CPU.Build.0 = Debug|Any CPU
		{140D2363-1DDC-4C68-A69A-E1BB5BFC45AD}.Release|Any CPU.ActiveCfg = Release|Any CPU
		{140D2363-1DDC-4C68-A69A-E1BB5BFC45AD}.Release|Any CPU.Build.0 = Release|Any CPU
	EndGlobalSection
	GlobalSection(SolutionProperties) = preSolution
		HideSolutionNode = FALSE
	EndGlobalSection
	GlobalSection(ExtensibilityGlobals) = postSolution
		SolutionGuid = {67121BE1-CA9D-4B84-B139-2E02F97EB0DE}
	EndGlobalSection
EndGlobal
